
Microsoft Visual Studio Solution File, Format Version 12.00
# Visual Studio Version 17
VisualStudioVersion = 17.14.37203.1 d17.14
MinimumVisualStudioVersion = 10.0.40219.1
Project("{FAE04EC0-301F-11D3-BF4B-00C04F79EFBC}") = "SEEDEditor", "SEEDEditor.csproj", "{ADEA35F3-4F6F-150D-DAE3-EBADC80DE2DD}"
EndProject
Global
	GlobalSection(SolutionConfigurationPlatforms) = preSolution
		Debug|Any CPU = Debug|Any CPU
		Release|Any CPU = Release|Any CPU
	EndGlobalSection
	GlobalSection(ProjectConfigurationPlatforms) = postSolution
		{ADEA35F3-4F6F-150D-DAE3-EBADC80DE2DD}.Debug|Any CPU.ActiveCfg = Debug|Any CPU
		{ADEA35F3-4F6F-150D-DAE3-EBADC80DE2DD}.Debug|Any CPU.Build.0 = Debug|Any CPU
		{ADEA35F3-4F6F-150D-DAE3-EBADC80DE2DD}.Release|Any CPU.ActiveCfg = Release|Any CPU
		{ADEA35F3-4F6F-150D-DAE3-EBADC80DE2DD}.Release|Any CPU.Build.0 = Release|Any CPU
	EndGlobalSection
	GlobalSection(SolutionProperties) = preSolution
		HideSolutionNode = FALSE
	EndGlobalSection
	GlobalSection(ExtensibilityGlobals) = postSolution
		SolutionGuid = {579F5E82-7AF3-4CCD-A764-BDC92915CED8}
	EndGlobalSection
EndGlobal
